<?xml version="1.0" encoding="utf-8"?>
<Project ToolsVersion="4.0" xmlns="http://schemas.microsoft.com/developer/msbuild/2003">
  <ItemGroup>
    <Filter Include="소스 파일">
      <UniqueIdentifier>{4FC737F1-C7A5-4376-A066-2A32D752A2FF}</UniqueIdentifier>
      <Extensions>cpp;c;cc;cxx;def;odl;idl;hpj;bat;asm;asmx</Extensions>
    </Filter>
    <Filter Include="헤더 파일">
      <UniqueIdentifier>{93995380-89BD-4b04-88EB-625FBE52EBFB}</UniqueIdentifier>
      <Extensions>h;hh;hpp;hxx;hm;inl;inc;xsd</Extensions>
    </Filter>
    <Filter Include="리소스 파일">
      <UniqueIdentifier>{67DA6AB6-F800-4c08-8B7A-83BB121AAD01}</UniqueIdentifier>
      <Extensions>rc;ico;cur;bmp;dlg;rc2;rct;bin;rgs;gif;jpg;jpeg;jpe;resx;tiff;tif;png;wav;mfcribbon-ms</Extensions>
    </Filter>
  </ItemGroup>
  <ItemGroup>
    <ClCompile Include="source.cpp">
      <Filter>소스 파일</Filter>
    </ClCompile>
    <ClCompile Include="arrow_down.cpp">
      <Filter>소스 파일</Filter>
    </ClCompile>
    <ClCompile Include="arrow_left.cpp">
      <Filter>소스 파일</Filter>
    </ClCompile>
    <ClCompile Include="arrow_right.cpp">
      <Filter>소스 파일</Filter>
    </ClCompile>
    <ClCompile Include="arrow_up.cpp">
      <Filter>소스 파일</Filter>
    </ClCompile>
    <ClCompile Include="circle.cpp">
      <Filter>소스 파일</Filter>
    </ClCompile>
    <ClCompile Include="draw_A.cpp">
      <Filter>소스 파일</Filter>
    </ClCompile>
    <ClCompile Include="draw_X.cpp">
      <Filter>소스 파일</Filter>
    </ClCompile>
    <ClCompile Include="f_rect.cpp">
      <Filter>소스 파일</Filter>
    </ClCompile>
    <ClCompile Include="icon.cpp">
      <Filter>소스 파일</Filter>
    </ClCompile>
    <ClCompile Include="icon_set.cpp">
      <Filter>소스 파일</Filter>
    </ClCompile>
    <ClCompile Include="icon2.cpp">
      <Filter>소스 파일</Filter>
    </ClCompile>
    <ClCompile Include="line.cpp">
      <Filter>소스 파일</Filter>
    </ClCompile>
    <ClCompile Include="rect.cpp">
      <Filter>소스 파일</Filter>
    </ClCompile>
  </ItemGroup>
  <ItemGroup>
    <ClInclude Include="icon_set.h">
      <Filter>헤더 파일</Filter>
    </ClInclude>
    <ClInclude Include="icon.h">
      <Filter>헤더 파일</Filter>
    </ClInclude>
    <ClInclude Include="icon2.h">
      <Filter>헤더 파일</Filter>
    </ClInclude>
    <ClInclude Include="line.h">
      <Filter>헤더 파일</Filter>
    </ClInclude>
    <ClInclude Include="rect.h">
      <Filter>헤더 파일</Filter>
    </ClInclude>
    <ClInclude Include="f_rect.h">
      <Filter>헤더 파일</Filter>
    </ClInclude>
    <ClInclude Include="circle.h">
      <Filter>헤더 파일</Filter>
    </ClInclude>
    <ClInclude Include="arrow_up.h">
      <Filter>헤더 파일</Filter>
    </ClInclude>
    <ClInclude Include="arrow_down.h">
      <Filter>헤더 파일</Filter>
    </ClInclude>
    <ClInclude Include="arrow_left.h">
      <Filter>헤더 파일</Filter>
    </ClInclude>
    <ClInclude Include="arrow_right.h">
      <Filter>헤더 파일</Filter>
    </ClInclude>
    <ClInclude Include="draw_X.h">
      <Filter>헤더 파일</Filter>
    </ClInclude>
    <ClInclude Include="draw_A.h">
      <Filter>헤더 파일</Filter>
    </ClInclude>
  </ItemGroup>
</Project>